
Microsoft Visual Studio Solution File, Format Version 12.00
# Visual Studio Version 17
VisualStudioVersion = 17.0.31912.275
MinimumVisualStudioVersion = 10.0.40219.1
Project("{9A19103F-16F7-4668-BE54-9A1E7A4F7556}") = "LabelMaker", "LabelMaker\LabelMaker.csproj", "{00A2384D-1A94-4FBD-BF30-01DF65FFFE47}"
EndProject
Project("{FAE04EC0-301F-11D3-BF4B-00C04F79EFBC}") = "WpfBarCode", "WpfBarCode\WpfBarCode.csproj", "{980EA624-B44D-4211-8A4E-4DBDFADE651B}"
EndProject
Global
	GlobalSection(SolutionConfigurationPlatforms) = preSolution
		Debug|Any CPU = Debug|Any CPU
		Release|Any CPU = Release|Any CPU
	EndGlobalSection
	GlobalSection(ProjectConfigurationPlatforms) = postSolution
		{00A2384D-1A94-4FBD-BF30-01DF65FFFE47}.Debug|Any CPU.ActiveCfg = Debug|Any CPU
		{00A2384D-1A94-4FBD-BF30-01DF65FFFE47}.Debug|Any CPU.Build.0 = Debug|Any CPU
		{00A2384D-1A94-4FBD-BF30-01DF65FFFE47}.Release|Any CPU.ActiveCfg = Release|Any CPU
		{00A2384D-1A94-4FBD-BF30-01DF65FFFE47}.Release|Any CPU.Build.0 = Release|Any CPU
		{980EA624-B44D-4211-8A4E-4DBDFADE651B}.Debug|Any CPU.ActiveCfg = Debug|Any CPU
		{980EA624-B44D-4211-8A4E-4DBDFADE651B}.Debug|Any CPU.Build.0 = Debug|Any CPU
		{980EA624-B44D-4211-8A4E-4DBDFADE651B}.Release|Any CPU.ActiveCfg = Release|Any CPU
		{980EA624-B44D-4211-8A4E-4DBDFADE651B}.Release|Any CPU.Build.0 = Release|Any CPU
	EndGlobalSection
	GlobalSection(SolutionProperties) = preSolution
		HideSolutionNode = FALSE
	EndGlobalSection
	GlobalSection(ExtensibilityGlobals) = postSolution
		SolutionGuid = {115707E0-9239-4024-B86F-FFD78AE07367}
	EndGlobalSection
EndGlobal
